
Microsoft Visual Studio Solution File, Format Version 12.00
# Visual Studio 15
VisualStudioVersion = 15.0.27703.2042
MinimumVisualStudioVersion = 10.0.40219.1
Project("{FAE04EC0-301F-11D3-BF4B-00C04F79EFBC}") = "Test task", "Test task\Test task.csproj", "{4806A4AA-F73C-44AC-9193-BF22EC06B631}"
EndProject
Global
	GlobalSection(SolutionConfigurationPlatforms) = preSolution
		Debug|Any CPU = Debug|Any CPU
		Release|Any CPU = Release|Any CPU
	EndGlobalSection
	GlobalSection(ProjectConfigurationPlatforms) = postSolution
		{4806A4AA-F73C-44AC-9193-BF22EC06B631}.Debug|Any CPU.ActiveCfg = Debug|Any CPU
		{4806A4AA-F73C-44AC-9193-BF22EC06B631}.Debug|Any CPU.Build.0 = Debug|Any CPU
		{4806A4AA-F73C-44AC-9193-BF22EC06B631}.Release|Any CPU.ActiveCfg = Release|Any CPU
		{4806A4AA-F73C-44AC-9193-BF22EC06B631}.Release|Any CPU.Build.0 = Release|Any CPU
	EndGlobalSection
	GlobalSection(SolutionProperties) = preSolution
		HideSolutionNode = FALSE
	EndGlobalSection
	GlobalSection(ExtensibilityGlobals) = postSolution
		SolutionGuid = {BDB3FD32-3005-4DB0-9F4F-81C096EB5A1A}
	EndGlobalSection
EndGlobal
